
Microsoft Visual Studio Solution File, Format Version 12.00
# Visual Studio Version 16
VisualStudioVersion = 16.0.32228.343
MinimumVisualStudioVersion = 10.0.40219.1
Project("{FAE04EC0-301F-11D3-BF4B-00C04F79EFBC}") = "PrevisaoTempo", "PrevisaoTempo\PrevisaoTempo.csproj", "{4953EC39-5165-4AC5-A91A-D3972F8DF65C}"
EndProject
Global
	GlobalSection(SolutionConfigurationPlatforms) = preSolution
		Debug|Any CPU = Debug|Any CPU
		Release|Any CPU = Release|Any CPU
	EndGlobalSection
	GlobalSection(ProjectConfigurationPlatforms) = postSolution
		{4953EC39-5165-4AC5-A91A-D3972F8DF65C}.Debug|Any CPU.ActiveCfg = Debug|Any CPU
		{4953EC39-5165-4AC5-A91A-D3972F8DF65C}.Debug|Any CPU.Build.0 = Debug|Any CPU
		{4953EC39-5165-4AC5-A91A-D3972F8DF65C}.Release|Any CPU.ActiveCfg = Release|Any CPU
		{4953EC39-5165-4AC5-A91A-D3972F8DF65C}.Release|Any CPU.Build.0 = Release|Any CPU
	EndGlobalSection
	GlobalSection(SolutionProperties) = preSolution
		HideSolutionNode = FALSE
	EndGlobalSection
	GlobalSection(ExtensibilityGlobals) = postSolution
		SolutionGuid = {73FB1D27-83C7-4754-B46F-F7FA57A089B1}
		EnterpriseLibraryConfigurationToolBinariesPath = packages\Unity.2.1.505.0\lib\NET35
	EndGlobalSection
EndGlobal
